<?xml version="1.0" encoding="utf-8"?>
<Project ToolsVersion="4.0" xmlns="http://schemas.microsoft.com/developer/msbuild/2003">
  <ItemGroup>
    <Filter Include="ソース ファイル">
      <UniqueIdentifier>{4FC737F1-C7A5-4376-A066-2A32D752A2FF}</UniqueIdentifier>
    </Filter>
    <Filter Include="ヘッダー ファイル">
      <UniqueIdentifier>{93995380-89BD-4b04-88EB-625FBE52EBFB}</UniqueIdentifier>
    </Filter>
    <Filter Include="Resources">
      <UniqueIdentifier>{67DA6AB6-F800-4c08-8B7A-83BB121AAD01}</UniqueIdentifier>
    </Filter>
    <Filter Include="Resources\shader">
      <UniqueIdentifier>{6cb2f2c7-2335-4542-9244-0fa7568a7588}</UniqueIdentifier>
    </Filter>
    <Filter Include="ソース ファイル\Engine">
      <UniqueIdentifier>{43fcfd0c-fb0c-45c6-a97e-86f2bd2854d4}</UniqueIdentifier>
    </Filter>
    <Filter Include="ソース ファイル\Engine\Base">
      <UniqueIdentifier>{0587a549-a220-4151-b8bc-94a28041f7cd}</UniqueIdentifier>
    </Filter>
    <Filter Include="ソース ファイル\Engine\Framework">
      <UniqueIdentifier>{eb935604-ddbe-4b00-9f1f-0309a6f0a89f}</UniqueIdentifier>
    </Filter>
    <Filter Include="ソース ファイル\Engine\Manager">
      <UniqueIdentifier>{46d5b522-7b1c-40c3-bcd2-ec3d075fb865}</UniqueIdentifier>
    </Filter>
    <Filter Include="ソース ファイル\Engine\Graphics">
      <UniqueIdentifier>{7befcb99-f035-4b5b-9c56-8ab7eba6d8ec}</UniqueIdentifier>
    </Filter>
    <Filter Include="ソース ファイル\Game">
      <UniqueIdentifier>{5eb2d68c-948c-491c-bfb8-156b17ab04b4}</UniqueIdentifier>
    </Filter>
    <Filter Include="ヘッダー ファイル\Engine">
      <UniqueIdentifier>{63b238f8-227f-4bdd-b9d5-711259b122d5}</UniqueIdentifier>
    </Filter>
    <Filter Include="ヘッダー ファイル\Engine\Base">
      <UniqueIdentifier>{ea9f1a4d-919a-4acb-82f6-7ff649b49414}</UniqueIdentifier>
    </Filter>
    <Filter Include="ヘッダー ファイル\Engine\Framework">
      <UniqueIdentifier>{fa96e516-63a6-4cef-808f-a0c050308e43}</UniqueIdentifier>
    </Filter>
    <Filter Include="ヘッダー ファイル\Engine\Manager">
      <UniqueIdentifier>{7beb4d9f-872b-4001-ae60-0011f5140b38}</UniqueIdentifier>
    </Filter>
    <Filter Include="ヘッダー ファイル\Engine\Graphics">
      <UniqueIdentifier>{d38f906d-3ff8-466d-b99c-0017d121d161}</UniqueIdentifier>
    </Filter>
    <Filter Include="ヘッダー ファイル\Game">
      <UniqueIdentifier>{80861dad-2665-40b5-8acb-d9b187d82b66}</UniqueIdentifier>
    </Filter>
  </ItemGroup>
  <ItemGroup>
    <None Include="Engine\Graphics\Shaders\Particle.hlsli">
      <Filter>Resources\shader</Filter>
    </None>
    <None Include="Engine\Graphics\Shaders\Sprite.hlsli">
      <Filter>Resources\shader</Filter>
    </None>
    <None Include="Engine\Graphics\Shaders\Object3d.hlsli">
      <Filter>Resources\shader</Filter>
    </None>
    <FxCompile Include="Engine\Graphics\Shaders\Object3d.PS.hlsl">
      <Filter>Resources\shader</Filter>
    </FxCompile>
    <FxCompile Include="Engine\Graphics\Shaders\Object3d.VS.hlsl">
      <Filter>Resources\shader</Filter>
    </FxCompile>
    <FxCompile Include="Engine\Graphics\Shaders\Particle.PS.hlsl">
      <Filter>Resources\shader</Filter>
    </FxCompile>
    <FxCompile Include="Engine\Graphics\Shaders\Particle.VS.hlsl">
      <Filter>Resources\shader</Filter>
    </FxCompile>
    <FxCompile Include="Engine\Graphics\Shaders\Sprite.PS.hlsl">
      <Filter>Resources\shader</Filter>
    </FxCompile>
    <FxCompile Include="Engine\Graphics\Shaders\Sprite.VS.hlsl">
      <Filter>Resources\shader</Filter>
    </FxCompile>
    <None Include="Engine\Graphics\Shaders\Skybox.hlsli">
      <Filter>Resources\shader</Filter>
    </None>
  </ItemGroup>
  <ItemGroup>
    <ClInclude Include="Engine\Base\D3DResourceLeakChecker.h">
      <Filter>ヘッダー ファイル\Engine\Base</Filter>
    </ClInclude>
    <ClInclude Include="Engine\Base\DXCommon.h">
      <Filter>ヘッダー ファイル\Engine\Base</Filter>
    </ClInclude>
    <ClInclude Include="Engine\Base\Logger.h">
      <Filter>ヘッダー ファイル\Engine\Base</Filter>
    </ClInclude>
    <ClInclude Include="Engine\Base\MyMath.h">
      <Filter>ヘッダー ファイル\Engine\Base</Filter>
    </ClInclude>
    <ClInclude Include="Engine\Base\StringUtility.h">
      <Filter>ヘッダー ファイル\Engine\Base</Filter>
    </ClInclude>
    <ClInclude Include="Engine\Base\WinAPI.h">
      <Filter>ヘッダー ファイル\Engine\Base</Filter>
    </ClInclude>
    <ClInclude Include="Engine\Framework\Application.h">
      <Filter>ヘッダー ファイル\Engine\Framework</Filter>
    </ClInclude>
    <ClInclude Include="Engine\Framework\Framework.h">
      <Filter>ヘッダー ファイル\Engine\Framework</Filter>
    </ClInclude>
    <ClInclude Include="Engine\Manager\ImGuiManager.h">
      <Filter>ヘッダー ファイル\Engine\Manager</Filter>
    </ClInclude>
    <ClInclude Include="Engine\Manager\Input.h">
      <Filter>ヘッダー ファイル\Engine\Manager</Filter>
    </ClInclude>
    <ClInclude Include="Engine\Manager\SoundManager.h">
      <Filter>ヘッダー ファイル\Engine\Manager</Filter>
    </ClInclude>
    <ClInclude Include="Engine\Manager\SrvManager.h">
      <Filter>ヘッダー ファイル\Engine\Manager</Filter>
    </ClInclude>
    <ClInclude Include="Engine\Manager\TextureManager.h">
      <Filter>ヘッダー ファイル\Engine\Manager</Filter>
    </ClInclude>
    <ClInclude Include="Engine\Graphics\2D\Sprite.h">
      <Filter>ヘッダー ファイル\Engine\Graphics</Filter>
    </ClInclude>
    <ClInclude Include="Engine\Graphics\2D\SpriteCommon.h">
      <Filter>ヘッダー ファイル\Engine\Graphics</Filter>
    </ClInclude>
    <ClInclude Include="Engine\Graphics\3D\Camera.h">
      <Filter>ヘッダー ファイル\Engine\Graphics</Filter>
    </ClInclude>
    <ClInclude Include="Engine\Graphics\3D\CameraManager.h">
      <Filter>ヘッダー ファイル\Engine\Graphics</Filter>
    </ClInclude>
    <ClInclude Include="Engine\Graphics\3D\Model.h">
      <Filter>ヘッダー ファイル\Engine\Graphics</Filter>
    </ClInclude>
    <ClInclude Include="Engine\Graphics\3D\ModelCommon.h">
      <Filter>ヘッダー ファイル\Engine\Graphics</Filter>
    </ClInclude>
    <ClInclude Include="Engine\Graphics\3D\ModelManager.h">
      <Filter>ヘッダー ファイル\Engine\Graphics</Filter>
    </ClInclude>
    <ClInclude Include="Engine\Graphics\3D\Obj3D.h">
      <Filter>ヘッダー ファイル\Engine\Graphics</Filter>
    </ClInclude>
    <ClInclude Include="Engine\Graphics\3D\Obj3DCommon.h">
      <Filter>ヘッダー ファイル\Engine\Graphics</Filter>
    </ClInclude>
    <ClInclude Include="Engine\Graphics\Effect\ParticleEmitter.h">
      <Filter>ヘッダー ファイル\Engine\Graphics</Filter>
    </ClInclude>
    <ClInclude Include="Engine\Graphics\Effect\ParticleManager.h">
      <Filter>ヘッダー ファイル\Engine\Graphics</Filter>
    </ClInclude>
    <ClInclude Include="Game\AbstractSceneFactory.h">
      <Filter>ヘッダー ファイル\Game</Filter>
    </ClInclude>
    <ClInclude Include="Game\BaseScene.h">
      <Filter>ヘッダー ファイル\Game</Filter>
    </ClInclude>
    <ClInclude Include="Game\GameScene.h">
      <Filter>ヘッダー ファイル\Game</Filter>
    </ClInclude>
    <ClInclude Include="Game\SceneFactory.h">
      <Filter>ヘッダー ファイル\Game</Filter>
    </ClInclude>
    <ClInclude Include="Game\SceneManager.h">
      <Filter>ヘッダー ファイル\Game</Filter>
    </ClInclude>
    <ClInclude Include="Game\TitleScene.h">
      <Filter>ヘッダー ファイル\Game</Filter>
    </ClInclude>
    <ClInclude Include="resource\resource.h">
      <Filter>Resources</Filter>
    </ClInclude>
    <ClInclude Include="Engine\Graphics\3D\Skybox.h">
      <Filter>ヘッダー ファイル\Engine\Graphics</Filter>
    </ClInclude>
    <ClInclude Include="Engine\Graphics\3D\SkyboxCommon.h">
      <Filter>ヘッダー ファイル\Engine\Graphics</Filter>
    </ClInclude>
  </ItemGroup>
  <ItemGroup>
    <ClCompile Include="Engine\Base\DXCommon.cpp">
      <Filter>ソース ファイル\Engine\Base</Filter>
    </ClCompile>
    <ClCompile Include="Engine\Base\Logger.cpp">
      <Filter>ソース ファイル\Engine\Base</Filter>
    </ClCompile>
    <ClCompile Include="Engine\Base\StringUtility.cpp">
      <Filter>ソース ファイル\Engine\Base</Filter>
    </ClCompile>
    <ClCompile Include="Engine\Base\WinAPI.cpp">
      <Filter>ソース ファイル\Engine\Base</Filter>
    </ClCompile>
    <ClCompile Include="Engine\Framework\Application.cpp">
      <Filter>ソース ファイル\Engine\Framework</Filter>
    </ClCompile>
    <ClCompile Include="Engine\Framework\Framework.cpp">
      <Filter>ソース ファイル\Engine\Framework</Filter>
    </ClCompile>
    <ClCompile Include="Engine\Framework\main.cpp">
      <Filter>ソース ファイル\Engine\Framework</Filter>
    </ClCompile>
    <ClCompile Include="Engine\Manager\ImGuiManager.cpp">
      <Filter>ソース ファイル\Engine\Manager</Filter>
    </ClCompile>
    <ClCompile Include="Engine\Manager\Input.cpp">
      <Filter>ソース ファイル\Engine\Manager</Filter>
    </ClCompile>
    <ClCompile Include="Engine\Manager\SoundManager.cpp">
      <Filter>ソース ファイル\Engine\Manager</Filter>
    </ClCompile>
    <ClCompile Include="Engine\Manager\SrvManager.cpp">
      <Filter>ソース ファイル\Engine\Manager</Filter>
    </ClCompile>
    <ClCompile Include="Engine\Manager\TextureManager.cpp">
      <Filter>ソース ファイル\Engine\Manager</Filter>
    </ClCompile>
    <ClCompile Include="Engine\Graphics\2D\Sprite.cpp">
      <Filter>ソース ファイル\Engine\Graphics</Filter>
    </ClCompile>
    <ClCompile Include="Engine\Graphics\2D\SpriteCommon.cpp">
      <Filter>ソース ファイル\Engine\Graphics</Filter>
    </ClCompile>
    <ClCompile Include="Engine\Graphics\3D\Camera.cpp">
      <Filter>ソース ファイル\Engine\Graphics</Filter>
    </ClCompile>
    <ClCompile Include="Engine\Graphics\3D\CameraManager.cpp">
      <Filter>ソース ファイル\Engine\Graphics</Filter>
    </ClCompile>
    <ClCompile Include="Engine\Graphics\3D\Model.cpp">
      <Filter>ソース ファイル\Engine\Graphics</Filter>
    </ClCompile>
    <ClCompile Include="Engine\Graphics\3D\ModelCommon.cpp">
      <Filter>ソース ファイル\Engine\Graphics</Filter>
    </ClCompile>
    <ClCompile Include="Engine\Graphics\3D\ModelManager.cpp">
      <Filter>ソース ファイル\Engine\Graphics</Filter>
    </ClCompile>
    <ClCompile Include="Engine\Graphics\3D\Obj3D.cpp">
      <Filter>ソース ファイル\Engine\Graphics</Filter>
    </ClCompile>
    <ClCompile Include="Engine\Graphics\3D\Obj3DCommon.cpp">
      <Filter>ソース ファイル\Engine\Graphics</Filter>
    </ClCompile>
    <ClCompile Include="Engine\Graphics\Effect\ParticleEmitter.cpp">
      <Filter>ソース ファイル\Engine\Graphics</Filter>
    </ClCompile>
    <ClCompile Include="Engine\Graphics\Effect\ParticleManager.cpp">
      <Filter>ソース ファイル\Engine\Graphics</Filter>
    </ClCompile>
    <ClCompile Include="Game\GameScene.cpp">
      <Filter>ソース ファイル\Game</Filter>
    </ClCompile>
    <ClCompile Include="Game\SceneFactory.cpp">
      <Filter>ソース ファイル\Game</Filter>
    </ClCompile>
    <ClCompile Include="Game\SceneManager.cpp">
      <Filter>ソース ファイル\Game</Filter>
    </ClCompile>
    <ClCompile Include="Game\TitleScene.cpp">
      <Filter>ソース ファイル\Game</Filter>
    </ClCompile>
    <ClCompile Include="Engine\Graphics\3D\Skybox.cpp">
      <Filter>ソース ファイル\Engine\Graphics</Filter>
    </ClCompile>
    <ClCompile Include="Engine\Graphics\3D\SkyboxCommon.cpp">
      <Filter>ソース ファイル\Engine\Graphics</Filter>
    </ClCompile>
  </ItemGroup>
  <ItemGroup>
    <ResourceCompile Include="resource\MyGameEngine.rc">
      <Filter>Resources</Filter>
    </ResourceCompile>
  </ItemGroup>
  <ItemGroup>
    <FxCompile Include="Engine\Graphics\Shaders\Skybox.PS.hlsl">
      <Filter>Resources\shader</Filter>
    </FxCompile>
    <FxCompile Include="Engine\Graphics\Shaders\Skybox.VS.hlsl">
      <Filter>Resources\shader</Filter>
    </FxCompile>
  </ItemGroup>
</Project>